
Microsoft Visual Studio Solution File, Format Version 12.00
# Visual Studio Version 16
VisualStudioVersion = 16.0.31702.278
MinimumVisualStudioVersion = 10.0.40219.1
Project("{9A19103F-16F7-4668-BE54-9A1E7A4F7556}") = "StarWars", "StarWars\StarWars.csproj", "{C9803286-2AB8-4A90-8C04-ED5CCE9EEF79}"
	ProjectSection(ProjectDependencies) = postProject
		{20BED515-9AE2-42E1-BDF4-A7B382BFE08D} = {20BED515-9AE2-42E1-BDF4-A7B382BFE08D}
	EndProjectSection
EndProject
Project("{9A19103F-16F7-4668-BE54-9A1E7A4F7556}") = "StarWars.Core", "StarWars_Core\StarWars.Core.csproj", "{20BED515-9AE2-42E1-BDF4-A7B382BFE08D}"
	ProjectSection(ProjectDependencies) = postProject
		{B7A58C24-70AD-4B42-B0C2-D4B2F9754234} = {B7A58C24-70AD-4B42-B0C2-D4B2F9754234}
	EndProjectSection
EndProject
Project("{9A19103F-16F7-4668-BE54-9A1E7A4F7556}") = "StarWars.Data", "StarWars_Data\StarWars.Data.csproj", "{B7A58C24-70AD-4B42-B0C2-D4B2F9754234}"
EndProject
Project("{9A19103F-16F7-4668-BE54-9A1E7A4F7556}") = "StarWars.Test", "StarWars.Test\StarWars.Test.csproj", "{0FD49B08-15BE-4D99-9CA7-DCABF997C40A}"
EndProject
Project("{9A19103F-16F7-4668-BE54-9A1E7A4F7556}") = "StarWars.Web", "StarWars.Web\StarWars.Web.csproj", "{28499810-92CF-486A-A47B-9EE8E989111D}"
EndProject
Global
	GlobalSection(SolutionConfigurationPlatforms) = preSolution
		Debug|Any CPU = Debug|Any CPU
		Release|Any CPU = Release|Any CPU
	EndGlobalSection
	GlobalSection(ProjectConfigurationPlatforms) = postSolution
		{C9803286-2AB8-4A90-8C04-ED5CCE9EEF79}.Debug|Any CPU.ActiveCfg = Debug|Any CPU
		{C9803286-2AB8-4A90-8C04-ED5CCE9EEF79}.Debug|Any CPU.Build.0 = Debug|Any CPU
		{C9803286-2AB8-4A90-8C04-ED5CCE9EEF79}.Release|Any CPU.ActiveCfg = Release|Any CPU
		{C9803286-2AB8-4A90-8C04-ED5CCE9EEF79}.Release|Any CPU.Build.0 = Release|Any CPU
		{20BED515-9AE2-42E1-BDF4-A7B382BFE08D}.Debug|Any CPU.ActiveCfg = Debug|Any CPU
		{20BED515-9AE2-42E1-BDF4-A7B382BFE08D}.Debug|Any CPU.Build.0 = Debug|Any CPU
		{20BED515-9AE2-42E1-BDF4-A7B382BFE08D}.Release|Any CPU.ActiveCfg = Release|Any CPU
		{20BED515-9AE2-42E1-BDF4-A7B382BFE08D}.Release|Any CPU.Build.0 = Release|Any CPU
		{B7A58C24-70AD-4B42-B0C2-D4B2F9754234}.Debug|Any CPU.ActiveCfg = Debug|Any CPU
		{B7A58C24-70AD-4B42-B0C2-D4B2F9754234}.Debug|Any CPU.Build.0 = Debug|Any CPU
		{B7A58C24-70AD-4B42-B0C2-D4B2F9754234}.Release|Any CPU.ActiveCfg = Release|Any CPU
		{B7A58C24-70AD-4B42-B0C2-D4B2F9754234}.Release|Any CPU.Build.0 = Release|Any CPU
		{0FD49B08-15BE-4D99-9CA7-DCABF997C40A}.Debug|Any CPU.ActiveCfg = Debug|Any CPU
		{0FD49B08-15BE-4D99-9CA7-DCABF997C40A}.Debug|Any CPU.Build.0 = Debug|Any CPU
		{0FD49B08-15BE-4D99-9CA7-DCABF997C40A}.Release|Any CPU.ActiveCfg = Release|Any CPU
		{0FD49B08-15BE-4D99-9CA7-DCABF997C40A}.Release|Any CPU.Build.0 = Release|Any CPU
		{28499810-92CF-486A-A47B-9EE8E989111D}.Debug|Any CPU.ActiveCfg = Debug|Any CPU
		{28499810-92CF-486A-A47B-9EE8E989111D}.Debug|Any CPU.Build.0 = Debug|Any CPU
		{28499810-92CF-486A-A47B-9EE8E989111D}.Release|Any CPU.ActiveCfg = Release|Any CPU
		{28499810-92CF-486A-A47B-9EE8E989111D}.Release|Any CPU.Build.0 = Release|Any CPU
	EndGlobalSection
	GlobalSection(SolutionProperties) = preSolution
		HideSolutionNode = FALSE
	EndGlobalSection
	GlobalSection(ExtensibilityGlobals) = postSolution
		SolutionGuid = {22AB95D2-F47D-45DF-A6F6-E120B9CDFECF}
	EndGlobalSection
EndGlobal
